// !$*UTF8*$!
{
	archiveVersion = 1;
	classes = {
	};
	objectVersion = 46;
	objects = {

/* Begin PBXBuildFile section */
		E470B7E31709F3A0000169F2 /* Cocoa.framework in Frameworks */ = {isa = PBXBuildFile; fileRef = E470B7E21709F3A0000169F2 /* Cocoa.framework */; };
		E470B7E91709F3A0000169F2 /* InfoPlist.strings in Resources */ = {isa = PBXBuildFile; fileRef = E470B7E71709F3A0000169F2 /* InfoPlist.strings */; };
		E470B7F11709F3A0000169F2 /* Release.xcconfig in Resources */ = {isa = PBXBuildFile; fileRef = E470B7F01709F3A0000169F2 /* Release.xcconfig */; };
		E470B7F51709F3A0000169F2 /* SquareBezelAction.m in Sources */ = {isa = PBXBuildFile; fileRef = E470B7F41709F3A0000169F2 /* SquareBezelAction.m */; };
		E470B7F81709F3A0000169F2 /* SquareBezelSource.m in Sources */ = {isa = PBXBuildFile; fileRef = E470B7F71709F3A0000169F2 /* SquareBezelSource.m */; };
/* End PBXBuildFile section */

/* Begin PBXFileReference section */
		E470B7DF1709F3A0000169F2 /* SquareBezel.qsplugin */ = {isa = PBXFileReference; explicitFileType = wrapper.cfbundle; includeInIndex = 0; path = SquareBezel.qsplugin; sourceTree = BUILT_PRODUCTS_DIR; };
		E470B7E21709F3A0000169F2 /* Cocoa.framework */ = {isa = PBXFileReference; lastKnownFileType = wrapper.framework; name = Cocoa.framework; path = System/Library/Frameworks/Cocoa.framework; sourceTree = SDKROOT; };
		E470B7E61709F3A0000169F2 /* SquareBezel-Info.plist */ = {isa = PBXFileReference; lastKnownFileType = text.plist.xml; path = "SquareBezel-Info.plist"; sourceTree = "<group>"; };
		E470B7E81709F3A0000169F2 /* en */ = {isa = PBXFileReference; lastKnownFileType = text.plist.strings; name = en; path = en.lproj/InfoPlist.strings; sourceTree = "<group>"; };
		E470B7EB1709F3A0000169F2 /* Common.xcconfig */ = {isa = PBXFileReference; lastKnownFileType = text.xcconfig; path = Common.xcconfig; sourceTree = "<group>"; };
		E470B7EC1709F3A0000169F2 /* Debug.xcconfig */ = {isa = PBXFileReference; lastKnownFileType = text.xcconfig; path = Debug.xcconfig; sourceTree = "<group>"; };
		E470B7ED1709F3A0000169F2 /* Developer.xcconfig */ = {isa = PBXFileReference; lastKnownFileType = text.xcconfig; path = Developer.xcconfig; sourceTree = "<group>"; };
		E470B7EE1709F3A0000169F2 /* QSPlugIn.xcconfig */ = {isa = PBXFileReference; lastKnownFileType = text.xcconfig; path = QSPlugIn.xcconfig; sourceTree = "<group>"; };
		E470B7EF1709F3A0000169F2 /* Quicksilver.pch */ = {isa = PBXFileReference; lastKnownFileType = sourcecode.c.h; path = Quicksilver.pch; sourceTree = "<group>"; };
		E470B7F01709F3A0000169F2 /* Release.xcconfig */ = {isa = PBXFileReference; lastKnownFileType = folder; name = Release.xcconfig; path = /private/tmp/QS/Configuration; sourceTree = "<absolute>"; };
		E470B7F21709F3A0000169F2 /* qs_fix_project.py */ = {isa = PBXFileReference; lastKnownFileType = text.script.python; path = qs_fix_project.py; sourceTree = "<group>"; };
		E470B7F31709F3A0000169F2 /* SquareBezelAction.h */ = {isa = PBXFileReference; lastKnownFileType = sourcecode.c.h; path = SquareBezelAction.h; sourceTree = "<group>"; };
		E470B7F41709F3A0000169F2 /* SquareBezelAction.m */ = {isa = PBXFileReference; lastKnownFileType = sourcecode.c.objc; path = SquareBezelAction.m; sourceTree = "<group>"; };
		E470B7F61709F3A0000169F2 /* SquareBezelSource.h */ = {isa = PBXFileReference; lastKnownFileType = sourcecode.c.h; path = SquareBezelSource.h; sourceTree = "<group>"; };
		E470B7F71709F3A0000169F2 /* SquareBezelSource.m */ = {isa = PBXFileReference; lastKnownFileType = sourcecode.c.objc; path = SquareBezelSource.m; sourceTree = "<group>"; };
/* End PBXFileReference section */

/* Begin PBXFrameworksBuildPhase section */
		E470B7DC1709F3A0000169F2 /* Frameworks */ = {
			isa = PBXFrameworksBuildPhase;
			buildActionMask = 2147483647;
			files = (
				E470B7E31709F3A0000169F2 /* Cocoa.framework in Frameworks */,
			);
			runOnlyForDeploymentPostprocessing = 0;
		};
/* End PBXFrameworksBuildPhase section */

/* Begin PBXGroup section */
		E470B7D51709F3A0000169F2 = {
			isa = PBXGroup;
			children = (
				E470B7E41709F3A0000169F2 /* SquareBezel */,
				E470B7E11709F3A0000169F2 /* Frameworks */,
				E470B7E01709F3A0000169F2 /* Products */,
			);
			sourceTree = "<group>";
		};
		E470B7E01709F3A0000169F2 /* Products */ = {
			isa = PBXGroup;
			children = (
				E470B7DF1709F3A0000169F2 /* SquareBezel.qsplugin */,
			);
			name = Products;
			sourceTree = "<group>";
		};
		E470B7E11709F3A0000169F2 /* Frameworks */ = {
			isa = PBXGroup;
			children = (
				E470B7E21709F3A0000169F2 /* Cocoa.framework */,
			);
			name = Frameworks;
			sourceTree = "<group>";
		};
		E470B7E41709F3A0000169F2 /* SquareBezel */ = {
			isa = PBXGroup;
			children = (
				E470B7F21709F3A0000169F2 /* qs_fix_project.py */,
				E470B7F31709F3A0000169F2 /* SquareBezelAction.h */,
				E470B7F41709F3A0000169F2 /* SquareBezelAction.m */,
				E470B7F61709F3A0000169F2 /* SquareBezelSource.h */,
				E470B7F71709F3A0000169F2 /* SquareBezelSource.m */,
				E470B7EA1709F3A0000169F2 /* Configuration */,
				E470B7E51709F3A0000169F2 /* Supporting Files */,
			);
			path = SquareBezel;
			sourceTree = "<group>";
		};
		E470B7E51709F3A0000169F2 /* Supporting Files */ = {
			isa = PBXGroup;
			children = (
				E470B7E61709F3A0000169F2 /* SquareBezel-Info.plist */,
				E470B7E71709F3A0000169F2 /* InfoPlist.strings */,
			);
			name = "Supporting Files";
			sourceTree = "<group>";
		};
		E470B7EA1709F3A0000169F2 /* Configuration */ = {
			isa = PBXGroup;
			children = (
				E470B7EB1709F3A0000169F2 /* Common.xcconfig */,
				E470B7EC1709F3A0000169F2 /* Debug.xcconfig */,
				E470B7ED1709F3A0000169F2 /* Developer.xcconfig */,
				E470B7EE1709F3A0000169F2 /* QSPlugIn.xcconfig */,
				E470B7EF1709F3A0000169F2 /* Quicksilver.pch */,
				E470B7F01709F3A0000169F2 /* Release.xcconfig */,
			);
			name = Configuration;
			path = ../../../../../../private/tmp/QS/Configuration;
			sourceTree = "<group>";
		};
/* End PBXGroup section */

/* Begin PBXNativeTarget section */
		E470B7DE1709F3A0000169F2 /* SquareBezel */ = {
			isa = PBXNativeTarget;
			buildConfigurationList = E470B7FB1709F3A0000169F2 /* Build configuration list for PBXNativeTarget "SquareBezel" */;
			buildPhases = (
				E470B7DA1709F3A0000169F2 /* ShellScript */,
				E470B7DB1709F3A0000169F2 /* Sources */,
				E470B7DC1709F3A0000169F2 /* Frameworks */,
				E470B7DD1709F3A0000169F2 /* Resources */,
			);
			buildRules = (
			);
			dependencies = (
			);
			name = SquareBezel;
			productName = SquareBezel;
			productReference = E470B7DF1709F3A0000169F2 /* SquareBezel.qsplugin */;
			productType = "com.apple.product-type.bundle";
		};
/* End PBXNativeTarget section */

/* Begin PBXProject section */
		E470B7D61709F3A0000169F2 /* Project object */ = {
			isa = PBXProject;
			attributes = {
				LastUpgradeCheck = 0460;
				ORGANIZATIONNAME = BRNBW;
			};
			buildConfigurationList = E470B7D91709F3A0000169F2 /* Build configuration list for PBXProject "SquareBezel" */;
			compatibilityVersion = "Xcode 3.2";
			developmentRegion = English;
			hasScannedForEncodings = 0;
			knownRegions = (
				en,
			);
			mainGroup = E470B7D51709F3A0000169F2;
			productRefGroup = E470B7E01709F3A0000169F2 /* Products */;
			projectDirPath = "";
			projectRoot = "";
			targets = (
				E470B7DE1709F3A0000169F2 /* SquareBezel */,
			);
		};
/* End PBXProject section */

/* Begin PBXResourcesBuildPhase section */
		E470B7DD1709F3A0000169F2 /* Resources */ = {
			isa = PBXResourcesBuildPhase;
			buildActionMask = 2147483647;
			files = (
				E470B7E91709F3A0000169F2 /* InfoPlist.strings in Resources */,
				E470B7F11709F3A0000169F2 /* Release.xcconfig in Resources */,
			);
			runOnlyForDeploymentPostprocessing = 0;
		};
/* End PBXResourcesBuildPhase section */

/* Begin PBXShellScriptBuildPhase section */
		E470B7DA1709F3A0000169F2 /* ShellScript */ = {
			isa = PBXShellScriptBuildPhase;
			buildActionMask = 2147483647;
			files = (
			);
			inputPaths = (
			);
			outputPaths = (
			);
			runOnlyForDeploymentPostprocessing = 1;
			shellPath = /bin/sh;
			shellScript = "\"$QS_BUILD_ROOT/Tools/bltrversion\"";
		};
/* End PBXShellScriptBuildPhase section */

/* Begin PBXSourcesBuildPhase section */
		E470B7DB1709F3A0000169F2 /* Sources */ = {
			isa = PBXSourcesBuildPhase;
			buildActionMask = 2147483647;
			files = (
				E470B7F51709F3A0000169F2 /* SquareBezelAction.m in Sources */,
				E470B7F81709F3A0000169F2 /* SquareBezelSource.m in Sources */,
			);
			runOnlyForDeploymentPostprocessing = 0;
		};
/* End PBXSourcesBuildPhase section */

/* Begin PBXVariantGroup section */
		E470B7E71709F3A0000169F2 /* InfoPlist.strings */ = {
			isa = PBXVariantGroup;
			children = (
				E470B7E81709F3A0000169F2 /* en */,
			);
			name = InfoPlist.strings;
			sourceTree = "<group>";
		};
/* End PBXVariantGroup section */

/* Begin XCBuildConfiguration section */
		E470B7F91709F3A0000169F2 /* Debug */ = {
			isa = XCBuildConfiguration;
			buildSettings = {
				ALWAYS_SEARCH_USER_PATHS = NO;
				ARCHS = "$(ARCHS_STANDARD_64_BIT)";
				CLANG_CXX_LANGUAGE_STANDARD = "gnu++0x";
				CLANG_CXX_LIBRARY = "libc++";
				CLANG_WARN_CONSTANT_CONVERSION = YES;
				CLANG_WARN_EMPTY_BODY = YES;
				CLANG_WARN_ENUM_CONVERSION = YES;
				CLANG_WARN_INT_CONVERSION = YES;
				CLANG_WARN__DUPLICATE_METHOD_MATCH = YES;
				COPY_PHASE_STRIP = NO;
				GCC_C_LANGUAGE_STANDARD = gnu99;
				GCC_DYNAMIC_NO_PIC = NO;
				GCC_ENABLE_OBJC_EXCEPTIONS = YES;
				GCC_OPTIMIZATION_LEVEL = 0;
				GCC_PREPROCESSOR_DEFINITIONS = (
					"DEBUG=1",
					"$(inherited)",
				);
				GCC_SYMBOLS_PRIVATE_EXTERN = NO;
				GCC_WARN_64_TO_32_BIT_CONVERSION = YES;
				GCC_WARN_ABOUT_RETURN_TYPE = YES;
				GCC_WARN_UNINITIALIZED_AUTOS = YES;
				GCC_WARN_UNUSED_VARIABLE = YES;
				MACOSX_DEPLOYMENT_TARGET = 10.8;
				ONLY_ACTIVE_ARCH = YES;
				SDKROOT = macosx;
			};
			name = Debug;
		};
		E470B7FA1709F3A0000169F2 /* Release */ = {
			isa = XCBuildConfiguration;
			buildSettings = {
				ALWAYS_SEARCH_USER_PATHS = NO;
				ARCHS = "$(ARCHS_STANDARD_64_BIT)";
				CLANG_CXX_LANGUAGE_STANDARD = "gnu++0x";
				CLANG_CXX_LIBRARY = "libc++";
				CLANG_WARN_CONSTANT_CONVERSION = YES;
				CLANG_WARN_EMPTY_BODY = YES;
				CLANG_WARN_ENUM_CONVERSION = YES;
				CLANG_WARN_INT_CONVERSION = YES;
				CLANG_WARN__DUPLICATE_METHOD_MATCH = YES;
				COPY_PHASE_STRIP = YES;
				DEBUG_INFORMATION_FORMAT = "dwarf-with-dsym";
				GCC_C_LANGUAGE_STANDARD = gnu99;
				GCC_ENABLE_OBJC_EXCEPTIONS = YES;
				GCC_WARN_64_TO_32_BIT_CONVERSION = YES;
				GCC_WARN_ABOUT_RETURN_TYPE = YES;
				GCC_WARN_UNINITIALIZED_AUTOS = YES;
				GCC_WARN_UNUSED_VARIABLE = YES;
				MACOSX_DEPLOYMENT_TARGET = 10.8;
				SDKROOT = macosx;
			};
			name = Release;
		};
		E470B7FC1709F3A0000169F2 /* Debug */ = {
			isa = XCBuildConfiguration;
			buildSettings = {
				GCC_PRECOMPILE_PREFIX_HEADER = YES;
				GCC_PREFIX_HEADER = "SquareBezel/SquareBezel-Prefix.pch";
				INFOPLIST_FILE = "SquareBezel/SquareBezel-Info.plist";
				PRODUCT_NAME = "$(TARGET_NAME)";
				WRAPPER_EXTENSION = qsplugin;
			};
			name = Debug;
		};
		E470B7FD1709F3A0000169F2 /* Release */ = {
			isa = XCBuildConfiguration;
			buildSettings = {
				GCC_PRECOMPILE_PREFIX_HEADER = YES;
				GCC_PREFIX_HEADER = "SquareBezel/SquareBezel-Prefix.pch";
				INFOPLIST_FILE = "SquareBezel/SquareBezel-Info.plist";
				PRODUCT_NAME = "$(TARGET_NAME)";
				WRAPPER_EXTENSION = qsplugin;
			};
			name = Release;
		};
/* End XCBuildConfiguration section */

/* Begin XCConfigurationList section */
		E470B7D91709F3A0000169F2 /* Build configuration list for PBXProject "SquareBezel" */ = {
			isa = XCConfigurationList;
			buildConfigurations = (
				E470B7F91709F3A0000169F2 /* Debug */,
				E470B7FA1709F3A0000169F2 /* Release */,
			);
			defaultConfigurationIsVisible = 0;
			defaultConfigurationName = Release;
		};
		E470B7FB1709F3A0000169F2 /* Build configuration list for PBXNativeTarget "SquareBezel" */ = {
			isa = XCConfigurationList;
			buildConfigurations = (
				E470B7FC1709F3A0000169F2 /* Debug */,
				E470B7FD1709F3A0000169F2 /* Release */,
			);
			defaultConfigurationIsVisible = 0;
		};
/* End XCConfigurationList section */
	};
	rootObject = E470B7D61709F3A0000169F2 /* Project object */;
}
